
Microsoft Visual Studio Solution File, Format Version 12.00
# Visual Studio Version 17
VisualStudioVersion = 17.7.34024.191
MinimumVisualStudioVersion = 10.0.40219.1
Project("{E24C65DC-7377-472B-9ABA-BC803B73C61A}") = "Front End Hospital Billing", "..\..\..\OneDrive\Desktop\Front End Hospital Billing\", "{391B3DAC-FC43-4A4C-8A81-078DB4F61AE8}"
	ProjectSection(WebsiteProperties) = preProject
		TargetFrameworkMoniker = ".NETFramework,Version%3Dv4.8.1"
		Debug.AspNetCompiler.VirtualPath = "/localhost_49697"
		Debug.AspNetCompiler.PhysicalPath = "..\..\..\OneDrive\Desktop\Front End Hospital Billing\"
		Debug.AspNetCompiler.TargetPath = "PrecompiledWeb\localhost_49697\"
		Debug.AspNetCompiler.Updateable = "true"
		Debug.AspNetCompiler.ForceOverwrite = "true"
		Debug.AspNetCompiler.FixedNames = "false"
		Debug.AspNetCompiler.Debug = "True"
		Release.AspNetCompiler.VirtualPath = "/localhost_49697"
		Release.AspNetCompiler.PhysicalPath = "..\..\..\OneDrive\Desktop\Front End Hospital Billing\"
		Release.AspNetCompiler.TargetPath = "PrecompiledWeb\localhost_49697\"
		Release.AspNetCompiler.Updateable = "true"
		Release.AspNetCompiler.ForceOverwrite = "true"
		Release.AspNetCompiler.FixedNames = "false"
		Release.AspNetCompiler.Debug = "False"
		VWDPort = "49697"
		SlnRelativePath = "..\..\..\OneDrive\Desktop\Front End Hospital Billing\"
	EndProjectSection
EndProject
Global
	GlobalSection(SolutionConfigurationPlatforms) = preSolution
		Debug|Any CPU = Debug|Any CPU
	EndGlobalSection
	GlobalSection(ProjectConfigurationPlatforms) = postSolution
		{391B3DAC-FC43-4A4C-8A81-078DB4F61AE8}.Debug|Any CPU.ActiveCfg = Debug|Any CPU
		{391B3DAC-FC43-4A4C-8A81-078DB4F61AE8}.Debug|Any CPU.Build.0 = Debug|Any CPU
	EndGlobalSection
	GlobalSection(SolutionProperties) = preSolution
		HideSolutionNode = FALSE
	EndGlobalSection
	GlobalSection(ExtensibilityGlobals) = postSolution
		SolutionGuid = {6AA4F9CC-8E3B-473B-853F-8381967DDA3E}
	EndGlobalSection
EndGlobal
